
Microsoft Visual Studio Solution File, Format Version 12.00
# Visual Studio Version 17
VisualStudioVersion = 17.5.002.0
MinimumVisualStudioVersion = 10.0.40219.1
Project("{9A19103F-16F7-4668-BE54-9A1E7A4F7556}") = "DesafioFundamentos", "DesafioFundamentos.csproj", "{40BD8176-AD86-45C5-BC13-3194D34B979A}"
EndProject
Global
	GlobalSection(SolutionConfigurationPlatforms) = preSolution
		Debug|Any CPU = Debug|Any CPU
		Release|Any CPU = Release|Any CPU
	EndGlobalSection
	GlobalSection(ProjectConfigurationPlatforms) = postSolution
		{40BD8176-AD86-45C5-BC13-3194D34B979A}.Debug|Any CPU.ActiveCfg = Debug|Any CPU
		{40BD8176-AD86-45C5-BC13-3194D34B979A}.Debug|Any CPU.Build.0 = Debug|Any CPU
		{40BD8176-AD86-45C5-BC13-3194D34B979A}.Release|Any CPU.ActiveCfg = Release|Any CPU
		{40BD8176-AD86-45C5-BC13-3194D34B979A}.Release|Any CPU.Build.0 = Release|Any CPU
	EndGlobalSection
	GlobalSection(SolutionProperties) = preSolution
		HideSolutionNode = FALSE
	EndGlobalSection
	GlobalSection(ExtensibilityGlobals) = postSolution
		SolutionGuid = {96314195-5F6C-4B9D-A882-CA441DDE7CEE}
	EndGlobalSection
EndGlobal
